
Microsoft Visual Studio Solution File, Format Version 12.00
# Visual Studio 2012
Project("{8BC9CEB8-8B4A-11D0-8D11-00A0C91BC942}") = "Lab9_1", "Lab9_1\Lab9_1.vcxproj", "{79128A9E-E3B4-436D-AD23-E4AFDFF82D2B}"
EndProject
Project("{8BC9CEB8-8B4A-11D0-8D11-00A0C91BC942}") = "Lab9_2", "Lab9_2\Lab9_2.vcxproj", "{5A81B38B-ECEC-452C-8993-3CD95BC11712}"
EndProject
Global
	GlobalSection(SolutionConfigurationPlatforms) = preSolution
		Debug|Win32 = Debug|Win32
		Release|Win32 = Release|Win32
	EndGlobalSection
	GlobalSection(ProjectConfigurationPlatforms) = postSolution
		{79128A9E-E3B4-436D-AD23-E4AFDFF82D2B}.Debug|Win32.ActiveCfg = Debug|Win32
		{79128A9E-E3B4-436D-AD23-E4AFDFF82D2B}.Debug|Win32.Build.0 = Debug|Win32
		{79128A9E-E3B4-436D-AD23-E4AFDFF82D2B}.Release|Win32.ActiveCfg = Release|Win32
		{79128A9E-E3B4-436D-AD23-E4AFDFF82D2B}.Release|Win32.Build.0 = Release|Win32
		{5A81B38B-ECEC-452C-8993-3CD95BC11712}.Debug|Win32.ActiveCfg = Debug|Win32
		{5A81B38B-ECEC-452C-8993-3CD95BC11712}.Debug|Win32.Build.0 = Debug|Win32
		{5A81B38B-ECEC-452C-8993-3CD95BC11712}.Release|Win32.ActiveCfg = Release|Win32
		{5A81B38B-ECEC-452C-8993-3CD95BC11712}.Release|Win32.Build.0 = Release|Win32
	EndGlobalSection
	GlobalSection(SolutionProperties) = preSolution
		HideSolutionNode = FALSE
	EndGlobalSection
EndGlobal
