
Microsoft Visual Studio Solution File, Format Version 12.00
# Visual Studio 2012
Project("{8BC9CEB8-8B4A-11D0-8D11-00A0C91BC942}") = "Lab6_v1", "Lab6_v1\Lab6_v1.vcxproj", "{7ACE724A-4D51-457B-AE29-E6C077DB0B5C}"
EndProject
Project("{8BC9CEB8-8B4A-11D0-8D11-00A0C91BC942}") = "Lab6_v2", "Lab6_v2\Lab6_v2.vcxproj", "{BE0B7254-BE20-4226-BD8A-DD742724A03F}"
EndProject
Global
	GlobalSection(SolutionConfigurationPlatforms) = preSolution
		Debug|Win32 = Debug|Win32
		Release|Win32 = Release|Win32
	EndGlobalSection
	GlobalSection(ProjectConfigurationPlatforms) = postSolution
		{7ACE724A-4D51-457B-AE29-E6C077DB0B5C}.Debug|Win32.ActiveCfg = Debug|Win32
		{7ACE724A-4D51-457B-AE29-E6C077DB0B5C}.Debug|Win32.Build.0 = Debug|Win32
		{7ACE724A-4D51-457B-AE29-E6C077DB0B5C}.Release|Win32.ActiveCfg = Release|Win32
		{7ACE724A-4D51-457B-AE29-E6C077DB0B5C}.Release|Win32.Build.0 = Release|Win32
		{BE0B7254-BE20-4226-BD8A-DD742724A03F}.Debug|Win32.ActiveCfg = Debug|Win32
		{BE0B7254-BE20-4226-BD8A-DD742724A03F}.Debug|Win32.Build.0 = Debug|Win32
		{BE0B7254-BE20-4226-BD8A-DD742724A03F}.Release|Win32.ActiveCfg = Release|Win32
		{BE0B7254-BE20-4226-BD8A-DD742724A03F}.Release|Win32.Build.0 = Release|Win32
	EndGlobalSection
	GlobalSection(SolutionProperties) = preSolution
		HideSolutionNode = FALSE
	EndGlobalSection
EndGlobal
